
Microsoft Visual Studio Solution File, Format Version 12.00
# Visual Studio 2013
VisualStudioVersion = 12.0.40629.0
MinimumVisualStudioVersion = 10.0.40219.1
Project("{FAE04EC0-301F-11D3-BF4B-00C04F79EFBC}") = "CryptIt", "CryptIt\CryptIt.csproj", "{2CE01780-7443-4D0A-AE85-54984629B888}"
	ProjectSection(ProjectDependencies) = postProject
		{70B36CDB-212C-45DC-AE7D-15A306489FC0} = {70B36CDB-212C-45DC-AE7D-15A306489FC0}
	EndProjectSection
EndProject
Project("{FAE04EC0-301F-11D3-BF4B-00C04F79EFBC}") = "vkAPI", "vkAPI\vkAPI.csproj", "{4930BF6A-9801-4A38-A756-6DCBFD285E1B}"
EndProject
Project("{FAE04EC0-301F-11D3-BF4B-00C04F79EFBC}") = "Model", "Model\Model.csproj", "{70B36CDB-212C-45DC-AE7D-15A306489FC0}"
EndProject
Project("{FAE04EC0-301F-11D3-BF4B-00C04F79EFBC}") = "EncodingCombination", "EncodingCombination\EncodingCombination.csproj", "{2D9B4FEB-39EC-435D-BD36-1606BAB8E8C2}"
EndProject
Project("{FAE04EC0-301F-11D3-BF4B-00C04F79EFBC}") = "DecodingTest", "DecodingTest\DecodingTest.csproj", "{D24DFFED-510C-4113-A88A-B747499B7CCE}"
EndProject
Global
	GlobalSection(SolutionConfigurationPlatforms) = preSolution
		Debug|Any CPU = Debug|Any CPU
		Release|Any CPU = Release|Any CPU
	EndGlobalSection
	GlobalSection(ProjectConfigurationPlatforms) = postSolution
		{2CE01780-7443-4D0A-AE85-54984629B888}.Debug|Any CPU.ActiveCfg = Debug|Any CPU
		{2CE01780-7443-4D0A-AE85-54984629B888}.Debug|Any CPU.Build.0 = Debug|Any CPU
		{2CE01780-7443-4D0A-AE85-54984629B888}.Release|Any CPU.ActiveCfg = Release|Any CPU
		{2CE01780-7443-4D0A-AE85-54984629B888}.Release|Any CPU.Build.0 = Release|Any CPU
		{4930BF6A-9801-4A38-A756-6DCBFD285E1B}.Debug|Any CPU.ActiveCfg = Debug|Any CPU
		{4930BF6A-9801-4A38-A756-6DCBFD285E1B}.Debug|Any CPU.Build.0 = Debug|Any CPU
		{4930BF6A-9801-4A38-A756-6DCBFD285E1B}.Release|Any CPU.ActiveCfg = Release|Any CPU
		{4930BF6A-9801-4A38-A756-6DCBFD285E1B}.Release|Any CPU.Build.0 = Release|Any CPU
		{70B36CDB-212C-45DC-AE7D-15A306489FC0}.Debug|Any CPU.ActiveCfg = Debug|Any CPU
		{70B36CDB-212C-45DC-AE7D-15A306489FC0}.Debug|Any CPU.Build.0 = Debug|Any CPU
		{70B36CDB-212C-45DC-AE7D-15A306489FC0}.Release|Any CPU.ActiveCfg = Release|Any CPU
		{70B36CDB-212C-45DC-AE7D-15A306489FC0}.Release|Any CPU.Build.0 = Release|Any CPU
		{2D9B4FEB-39EC-435D-BD36-1606BAB8E8C2}.Debug|Any CPU.ActiveCfg = Debug|Any CPU
		{2D9B4FEB-39EC-435D-BD36-1606BAB8E8C2}.Debug|Any CPU.Build.0 = Debug|Any CPU
		{2D9B4FEB-39EC-435D-BD36-1606BAB8E8C2}.Release|Any CPU.ActiveCfg = Release|Any CPU
		{2D9B4FEB-39EC-435D-BD36-1606BAB8E8C2}.Release|Any CPU.Build.0 = Release|Any CPU
		{D24DFFED-510C-4113-A88A-B747499B7CCE}.Debug|Any CPU.ActiveCfg = Debug|Any CPU
		{D24DFFED-510C-4113-A88A-B747499B7CCE}.Debug|Any CPU.Build.0 = Debug|Any CPU
		{D24DFFED-510C-4113-A88A-B747499B7CCE}.Release|Any CPU.ActiveCfg = Release|Any CPU
		{D24DFFED-510C-4113-A88A-B747499B7CCE}.Release|Any CPU.Build.0 = Release|Any CPU
	EndGlobalSection
	GlobalSection(SolutionProperties) = preSolution
		HideSolutionNode = FALSE
	EndGlobalSection
EndGlobal
